// !$*UTF8*$!
{
	archiveVersion = 1;
	classes = {
	};
	objectVersion = 56;
	objects = {

/* Begin PBXBuildFile section */
		ED896DF22C26100E00D5E28D /* MissionsGridLayout.swift in Sources */ = {isa = PBXBuildFile; fileRef = ED896DF12C26100E00D5E28D /* MissionsGridLayout.swift */; };
		ED896DF42C26148700D5E28D /* MissionsListLayout.swift in Sources */ = {isa = PBXBuildFile; fileRef = ED896DF32C26148700D5E28D /* MissionsListLayout.swift */; };
		ED896DF62C26170E00D5E28D /* MissionCellView.swift in Sources */ = {isa = PBXBuildFile; fileRef = ED896DF52C26170E00D5E28D /* MissionCellView.swift */; };
		ED8B73682C25744E0003451D /* Astronaut.swift in Sources */ = {isa = PBXBuildFile; fileRef = ED8B73672C25744E0003451D /* Astronaut.swift */; };
		ED8B736A2C2575550003451D /* astronauts.json in Resources */ = {isa = PBXBuildFile; fileRef = ED8B73692C2575550003451D /* astronauts.json */; };
		ED8B736C2C25758F0003451D /* Bundle-Decodable.swift in Sources */ = {isa = PBXBuildFile; fileRef = ED8B736B2C25758F0003451D /* Bundle-Decodable.swift */; };
		ED8B736E2C2578540003451D /* Mission.swift in Sources */ = {isa = PBXBuildFile; fileRef = ED8B736D2C2578540003451D /* Mission.swift */; };
		ED8B73702C257EC30003451D /* missions.json in Resources */ = {isa = PBXBuildFile; fileRef = ED8B736F2C257EC30003451D /* missions.json */; };
		ED8B73722C2584070003451D /* Color-Theme.swift in Sources */ = {isa = PBXBuildFile; fileRef = ED8B73712C2584070003451D /* Color-Theme.swift */; };
		ED8B73742C2594E10003451D /* MissionDetailsView.swift in Sources */ = {isa = PBXBuildFile; fileRef = ED8B73732C2594E10003451D /* MissionDetailsView.swift */; };
		ED8B73762C259A020003451D /* AstronautView.swift in Sources */ = {isa = PBXBuildFile; fileRef = ED8B73752C259A020003451D /* AstronautView.swift */; };
		ED8B73782C25A3760003451D /* DividerView.swift in Sources */ = {isa = PBXBuildFile; fileRef = ED8B73772C25A3760003451D /* DividerView.swift */; };
		ED8B737A2C25A3F50003451D /* CrewView.swift in Sources */ = {isa = PBXBuildFile; fileRef = ED8B73792C25A3F50003451D /* CrewView.swift */; };
		EDA3868D2C2455680016AF87 /* MoonshotApp.swift in Sources */ = {isa = PBXBuildFile; fileRef = EDA3868C2C2455680016AF87 /* MoonshotApp.swift */; };
		EDA3868F2C2455680016AF87 /* ContentView.swift in Sources */ = {isa = PBXBuildFile; fileRef = EDA3868E2C2455680016AF87 /* ContentView.swift */; };
		EDA386912C24556C0016AF87 /* Assets.xcassets in Resources */ = {isa = PBXBuildFile; fileRef = EDA386902C24556C0016AF87 /* Assets.xcassets */; };
		EDA386942C24556C0016AF87 /* Preview Assets.xcassets in Resources */ = {isa = PBXBuildFile; fileRef = EDA386932C24556C0016AF87 /* Preview Assets.xcassets */; };
/* End PBXBuildFile section */

/* Begin PBXFileReference section */
		ED896DF12C26100E00D5E28D /* MissionsGridLayout.swift */ = {isa = PBXFileReference; lastKnownFileType = sourcecode.swift; path = MissionsGridLayout.swift; sourceTree = "<group>"; };
		ED896DF32C26148700D5E28D /* MissionsListLayout.swift */ = {isa = PBXFileReference; lastKnownFileType = sourcecode.swift; path = MissionsListLayout.swift; sourceTree = "<group>"; };
		ED896DF52C26170E00D5E28D /* MissionCellView.swift */ = {isa = PBXFileReference; lastKnownFileType = sourcecode.swift; path = MissionCellView.swift; sourceTree = "<group>"; };
		ED8B73672C25744E0003451D /* Astronaut.swift */ = {isa = PBXFileReference; lastKnownFileType = sourcecode.swift; path = Astronaut.swift; sourceTree = "<group>"; };
		ED8B73692C2575550003451D /* astronauts.json */ = {isa = PBXFileReference; fileEncoding = 4; lastKnownFileType = text.json; path = astronauts.json; sourceTree = "<group>"; };
		ED8B736B2C25758F0003451D /* Bundle-Decodable.swift */ = {isa = PBXFileReference; lastKnownFileType = sourcecode.swift; path = "Bundle-Decodable.swift"; sourceTree = "<group>"; };
		ED8B736D2C2578540003451D /* Mission.swift */ = {isa = PBXFileReference; lastKnownFileType = sourcecode.swift; path = Mission.swift; sourceTree = "<group>"; };
		ED8B736F2C257EC30003451D /* missions.json */ = {isa = PBXFileReference; fileEncoding = 4; lastKnownFileType = text.json; path = missions.json; sourceTree = "<group>"; };
		ED8B73712C2584070003451D /* Color-Theme.swift */ = {isa = PBXFileReference; lastKnownFileType = sourcecode.swift; path = "Color-Theme.swift"; sourceTree = "<group>"; };
		ED8B73732C2594E10003451D /* MissionDetailsView.swift */ = {isa = PBXFileReference; lastKnownFileType = sourcecode.swift; path = MissionDetailsView.swift; sourceTree = "<group>"; };
		ED8B73752C259A020003451D /* AstronautView.swift */ = {isa = PBXFileReference; lastKnownFileType = sourcecode.swift; path = AstronautView.swift; sourceTree = "<group>"; };
		ED8B73772C25A3760003451D /* DividerView.swift */ = {isa = PBXFileReference; lastKnownFileType = sourcecode.swift; path = DividerView.swift; sourceTree = "<group>"; };
		ED8B73792C25A3F50003451D /* CrewView.swift */ = {isa = PBXFileReference; lastKnownFileType = sourcecode.swift; path = CrewView.swift; sourceTree = "<group>"; };
		EDA386892C2455680016AF87 /* Moonshot.app */ = {isa = PBXFileReference; explicitFileType = wrapper.application; includeInIndex = 0; path = Moonshot.app; sourceTree = BUILT_PRODUCTS_DIR; };
		EDA3868C2C2455680016AF87 /* MoonshotApp.swift */ = {isa = PBXFileReference; lastKnownFileType = sourcecode.swift; path = MoonshotApp.swift; sourceTree = "<group>"; };
		EDA3868E2C2455680016AF87 /* ContentView.swift */ = {isa = PBXFileReference; lastKnownFileType = sourcecode.swift; path = ContentView.swift; sourceTree = "<group>"; };
		EDA386902C24556C0016AF87 /* Assets.xcassets */ = {isa = PBXFileReference; lastKnownFileType = folder.assetcatalog; path = Assets.xcassets; sourceTree = "<group>"; };
		EDA386932C24556C0016AF87 /* Preview Assets.xcassets */ = {isa = PBXFileReference; lastKnownFileType = folder.assetcatalog; path = "Preview Assets.xcassets"; sourceTree = "<group>"; };
/* End PBXFileReference section */

/* Begin PBXFrameworksBuildPhase section */
		EDA386862C2455680016AF87 /* Frameworks */ = {
			isa = PBXFrameworksBuildPhase;
			buildActionMask = 2147483647;
			files = (
			);
			runOnlyForDeploymentPostprocessing = 0;
		};
/* End PBXFrameworksBuildPhase section */

/* Begin PBXGroup section */
		EDA386802C2455680016AF87 = {
			isa = PBXGroup;
			children = (
				EDA3868B2C2455680016AF87 /* Moonshot */,
				EDA3868A2C2455680016AF87 /* Products */,
			);
			sourceTree = "<group>";
		};
		EDA3868A2C2455680016AF87 /* Products */ = {
			isa = PBXGroup;
			children = (
				EDA386892C2455680016AF87 /* Moonshot.app */,
			);
			name = Products;
			sourceTree = "<group>";
		};
		EDA3868B2C2455680016AF87 /* Moonshot */ = {
			isa = PBXGroup;
			children = (
				ED8B73692C2575550003451D /* astronauts.json */,
				ED8B736F2C257EC30003451D /* missions.json */,
				EDA3868C2C2455680016AF87 /* MoonshotApp.swift */,
				EDA3868E2C2455680016AF87 /* ContentView.swift */,
				ED896DF12C26100E00D5E28D /* MissionsGridLayout.swift */,
				ED896DF32C26148700D5E28D /* MissionsListLayout.swift */,
				ED8B73732C2594E10003451D /* MissionDetailsView.swift */,
				ED8B73752C259A020003451D /* AstronautView.swift */,
				ED8B73772C25A3760003451D /* DividerView.swift */,
				ED8B73792C25A3F50003451D /* CrewView.swift */,
				ED8B73672C25744E0003451D /* Astronaut.swift */,
				ED8B736D2C2578540003451D /* Mission.swift */,
				ED8B736B2C25758F0003451D /* Bundle-Decodable.swift */,
				ED8B73712C2584070003451D /* Color-Theme.swift */,
				EDA386902C24556C0016AF87 /* Assets.xcassets */,
				EDA386922C24556C0016AF87 /* Preview Content */,
				ED896DF52C26170E00D5E28D /* MissionCellView.swift */,
			);
			path = Moonshot;
			sourceTree = "<group>";
		};
		EDA386922C24556C0016AF87 /* Preview Content */ = {
			isa = PBXGroup;
			children = (
				EDA386932C24556C0016AF87 /* Preview Assets.xcassets */,
			);
			path = "Preview Content";
			sourceTree = "<group>";
		};
/* End PBXGroup section */

/* Begin PBXNativeTarget section */
		EDA386882C2455680016AF87 /* Moonshot */ = {
			isa = PBXNativeTarget;
			buildConfigurationList = EDA386972C24556C0016AF87 /* Build configuration list for PBXNativeTarget "Moonshot" */;
			buildPhases = (
				EDA386852C2455680016AF87 /* Sources */,
				EDA386862C2455680016AF87 /* Frameworks */,
				EDA386872C2455680016AF87 /* Resources */,
			);
			buildRules = (
			);
			dependencies = (
			);
			name = Moonshot;
			productName = Moonshot;
			productReference = EDA386892C2455680016AF87 /* Moonshot.app */;
			productType = "com.apple.product-type.application";
		};
/* End PBXNativeTarget section */

/* Begin PBXProject section */
		EDA386812C2455680016AF87 /* Project object */ = {
			isa = PBXProject;
			attributes = {
				BuildIndependentTargetsInParallel = 1;
				LastSwiftUpdateCheck = 1520;
				LastUpgradeCheck = 1520;
				TargetAttributes = {
					EDA386882C2455680016AF87 = {
						CreatedOnToolsVersion = 15.2;
					};
				};
			};
			buildConfigurationList = EDA386842C2455680016AF87 /* Build configuration list for PBXProject "Moonshot" */;
			compatibilityVersion = "Xcode 14.0";
			developmentRegion = en;
			hasScannedForEncodings = 0;
			knownRegions = (
				en,
				Base,
			);
			mainGroup = EDA386802C2455680016AF87;
			productRefGroup = EDA3868A2C2455680016AF87 /* Products */;
			projectDirPath = "";
			projectRoot = "";
			targets = (
				EDA386882C2455680016AF87 /* Moonshot */,
			);
		};
/* End PBXProject section */

/* Begin PBXResourcesBuildPhase section */
		EDA386872C2455680016AF87 /* Resources */ = {
			isa = PBXResourcesBuildPhase;
			buildActionMask = 2147483647;
			files = (
				ED8B736A2C2575550003451D /* astronauts.json in Resources */,
				EDA386942C24556C0016AF87 /* Preview Assets.xcassets in Resources */,
				ED8B73702C257EC30003451D /* missions.json in Resources */,
				EDA386912C24556C0016AF87 /* Assets.xcassets in Resources */,
			);
			runOnlyForDeploymentPostprocessing = 0;
		};
/* End PBXResourcesBuildPhase section */

/* Begin PBXSourcesBuildPhase section */
		EDA386852C2455680016AF87 /* Sources */ = {
			isa = PBXSourcesBuildPhase;
			buildActionMask = 2147483647;
			files = (
				ED8B73742C2594E10003451D /* MissionDetailsView.swift in Sources */,
				ED896DF22C26100E00D5E28D /* MissionsGridLayout.swift in Sources */,
				ED8B73682C25744E0003451D /* Astronaut.swift in Sources */,
				ED8B73762C259A020003451D /* AstronautView.swift in Sources */,
				ED8B73782C25A3760003451D /* DividerView.swift in Sources */,
				ED8B73722C2584070003451D /* Color-Theme.swift in Sources */,
				ED8B737A2C25A3F50003451D /* CrewView.swift in Sources */,
				ED896DF62C26170E00D5E28D /* MissionCellView.swift in Sources */,
				EDA3868F2C2455680016AF87 /* ContentView.swift in Sources */,
				EDA3868D2C2455680016AF87 /* MoonshotApp.swift in Sources */,
				ED8B736E2C2578540003451D /* Mission.swift in Sources */,
				ED896DF42C26148700D5E28D /* MissionsListLayout.swift in Sources */,
				ED8B736C2C25758F0003451D /* Bundle-Decodable.swift in Sources */,
			);
			runOnlyForDeploymentPostprocessing = 0;
		};
/* End PBXSourcesBuildPhase section */

/* Begin XCBuildConfiguration section */
		EDA386952C24556C0016AF87 /* Debug */ = {
			isa = XCBuildConfiguration;
			buildSettings = {
				ALWAYS_SEARCH_USER_PATHS = NO;
				ASSETCATALOG_COMPILER_GENERATE_SWIFT_ASSET_SYMBOL_EXTENSIONS = YES;
				CLANG_ANALYZER_NONNULL = YES;
				CLANG_ANALYZER_NUMBER_OBJECT_CONVERSION = YES_AGGRESSIVE;
				CLANG_CXX_LANGUAGE_STANDARD = "gnu++20";
				CLANG_ENABLE_MODULES = YES;
				CLANG_ENABLE_OBJC_ARC = YES;
				CLANG_ENABLE_OBJC_WEAK = YES;
				CLANG_WARN_BLOCK_CAPTURE_AUTORELEASING = YES;
				CLANG_WARN_BOOL_CONVERSION = YES;
				CLANG_WARN_COMMA = YES;
				CLANG_WARN_CONSTANT_CONVERSION = YES;
				CLANG_WARN_DEPRECATED_OBJC_IMPLEMENTATIONS = YES;
				CLANG_WARN_DIRECT_OBJC_ISA_USAGE = YES_ERROR;
				CLANG_WARN_DOCUMENTATION_COMMENTS = YES;
				CLANG_WARN_EMPTY_BODY = YES;
				CLANG_WARN_ENUM_CONVERSION = YES;
				CLANG_WARN_INFINITE_RECURSION = YES;
				CLANG_WARN_INT_CONVERSION = YES;
				CLANG_WARN_NON_LITERAL_NULL_CONVERSION = YES;
				CLANG_WARN_OBJC_IMPLICIT_RETAIN_SELF = YES;
				CLANG_WARN_OBJC_LITERAL_CONVERSION = YES;
				CLANG_WARN_OBJC_ROOT_CLASS = YES_ERROR;
				CLANG_WARN_QUOTED_INCLUDE_IN_FRAMEWORK_HEADER = YES;
				CLANG_WARN_RANGE_LOOP_ANALYSIS = YES;
				CLANG_WARN_STRICT_PROTOTYPES = YES;
				CLANG_WARN_SUSPICIOUS_MOVE = YES;
				CLANG_WARN_UNGUARDED_AVAILABILITY = YES_AGGRESSIVE;
				CLANG_WARN_UNREACHABLE_CODE = YES;
				CLANG_WARN__DUPLICATE_METHOD_MATCH = YES;
				COPY_PHASE_STRIP = NO;
				DEBUG_INFORMATION_FORMAT = dwarf;
				ENABLE_STRICT_OBJC_MSGSEND = YES;
				ENABLE_TESTABILITY = YES;
				ENABLE_USER_SCRIPT_SANDBOXING = YES;
				GCC_C_LANGUAGE_STANDARD = gnu17;
				GCC_DYNAMIC_NO_PIC = NO;
				GCC_NO_COMMON_BLOCKS = YES;
				GCC_OPTIMIZATION_LEVEL = 0;
				GCC_PREPROCESSOR_DEFINITIONS = (
					"DEBUG=1",
					"$(inherited)",
				);
				GCC_WARN_64_TO_32_BIT_CONVERSION = YES;
				GCC_WARN_ABOUT_RETURN_TYPE = YES_ERROR;
				GCC_WARN_UNDECLARED_SELECTOR = YES;
				GCC_WARN_UNINITIALIZED_AUTOS = YES_AGGRESSIVE;
				GCC_WARN_UNUSED_FUNCTION = YES;
				GCC_WARN_UNUSED_VARIABLE = YES;
				IPHONEOS_DEPLOYMENT_TARGET = 17.2;
				LOCALIZATION_PREFERS_STRING_CATALOGS = YES;
				MTL_ENABLE_DEBUG_INFO = INCLUDE_SOURCE;
				MTL_FAST_MATH = YES;
				ONLY_ACTIVE_ARCH = YES;
				SDKROOT = iphoneos;
				SWIFT_ACTIVE_COMPILATION_CONDITIONS = "DEBUG $(inherited)";
				SWIFT_OPTIMIZATION_LEVEL = "-Onone";
			};
			name = Debug;
		};
		EDA386962C24556C0016AF87 /* Release */ = {
			isa = XCBuildConfiguration;
			buildSettings = {
				ALWAYS_SEARCH_USER_PATHS = NO;
				ASSETCATALOG_COMPILER_GENERATE_SWIFT_ASSET_SYMBOL_EXTENSIONS = YES;
				CLANG_ANALYZER_NONNULL = YES;
				CLANG_ANALYZER_NUMBER_OBJECT_CONVERSION = YES_AGGRESSIVE;
				CLANG_CXX_LANGUAGE_STANDARD = "gnu++20";
				CLANG_ENABLE_MODULES = YES;
				CLANG_ENABLE_OBJC_ARC = YES;
				CLANG_ENABLE_OBJC_WEAK = YES;
				CLANG_WARN_BLOCK_CAPTURE_AUTORELEASING = YES;
				CLANG_WARN_BOOL_CONVERSION = YES;
				CLANG_WARN_COMMA = YES;
				CLANG_WARN_CONSTANT_CONVERSION = YES;
				CLANG_WARN_DEPRECATED_OBJC_IMPLEMENTATIONS = YES;
				CLANG_WARN_DIRECT_OBJC_ISA_USAGE = YES_ERROR;
				CLANG_WARN_DOCUMENTATION_COMMENTS = YES;
				CLANG_WARN_EMPTY_BODY = YES;
				CLANG_WARN_ENUM_CONVERSION = YES;
				CLANG_WARN_INFINITE_RECURSION = YES;
				CLANG_WARN_INT_CONVERSION = YES;
				CLANG_WARN_NON_LITERAL_NULL_CONVERSION = YES;
				CLANG_WARN_OBJC_IMPLICIT_RETAIN_SELF = YES;
				CLANG_WARN_OBJC_LITERAL_CONVERSION = YES;
				CLANG_WARN_OBJC_ROOT_CLASS = YES_ERROR;
				CLANG_WARN_QUOTED_INCLUDE_IN_FRAMEWORK_HEADER = YES;
				CLANG_WARN_RANGE_LOOP_ANALYSIS = YES;
				CLANG_WARN_STRICT_PROTOTYPES = YES;
				CLANG_WARN_SUSPICIOUS_MOVE = YES;
				CLANG_WARN_UNGUARDED_AVAILABILITY = YES_AGGRESSIVE;
				CLANG_WARN_UNREACHABLE_CODE = YES;
				CLANG_WARN__DUPLICATE_METHOD_MATCH = YES;
				COPY_PHASE_STRIP = NO;
				DEBUG_INFORMATION_FORMAT = "dwarf-with-dsym";
				ENABLE_NS_ASSERTIONS = NO;
				ENABLE_STRICT_OBJC_MSGSEND = YES;
				ENABLE_USER_SCRIPT_SANDBOXING = YES;
				GCC_C_LANGUAGE_STANDARD = gnu17;
				GCC_NO_COMMON_BLOCKS = YES;
				GCC_WARN_64_TO_32_BIT_CONVERSION = YES;
				GCC_WARN_ABOUT_RETURN_TYPE = YES_ERROR;
				GCC_WARN_UNDECLARED_SELECTOR = YES;
				GCC_WARN_UNINITIALIZED_AUTOS = YES_AGGRESSIVE;
				GCC_WARN_UNUSED_FUNCTION = YES;
				GCC_WARN_UNUSED_VARIABLE = YES;
				IPHONEOS_DEPLOYMENT_TARGET = 17.2;
				LOCALIZATION_PREFERS_STRING_CATALOGS = YES;
				MTL_ENABLE_DEBUG_INFO = NO;
				MTL_FAST_MATH = YES;
				SDKROOT = iphoneos;
				SWIFT_COMPILATION_MODE = wholemodule;
				VALIDATE_PRODUCT = YES;
			};
			name = Release;
		};
		EDA386982C24556C0016AF87 /* Debug */ = {
			isa = XCBuildConfiguration;
			buildSettings = {
				ASSETCATALOG_COMPILER_APPICON_NAME = AppIcon;
				ASSETCATALOG_COMPILER_GLOBAL_ACCENT_COLOR_NAME = AccentColor;
				CODE_SIGN_STYLE = Automatic;
				CURRENT_PROJECT_VERSION = 1;
				DEVELOPMENT_ASSET_PATHS = "\"Moonshot/Preview Content\"";
				ENABLE_PREVIEWS = YES;
				GENERATE_INFOPLIST_FILE = YES;
				INFOPLIST_KEY_UIApplicationSceneManifest_Generation = YES;
				INFOPLIST_KEY_UIApplicationSupportsIndirectInputEvents = YES;
				INFOPLIST_KEY_UILaunchScreen_Generation = YES;
				INFOPLIST_KEY_UISupportedInterfaceOrientations_iPad = "UIInterfaceOrientationPortrait UIInterfaceOrientationPortraitUpsideDown UIInterfaceOrientationLandscapeLeft UIInterfaceOrientationLandscapeRight";
				INFOPLIST_KEY_UISupportedInterfaceOrientations_iPhone = "UIInterfaceOrientationPortrait UIInterfaceOrientationLandscapeLeft UIInterfaceOrientationLandscapeRight";
				LD_RUNPATH_SEARCH_PATHS = (
					"$(inherited)",
					"@executable_path/Frameworks",
				);
				MARKETING_VERSION = 1.0;
				PRODUCT_BUNDLE_IDENTIFIER = com.taarna.Moonshot;
				PRODUCT_NAME = "$(TARGET_NAME)";
				SWIFT_EMIT_LOC_STRINGS = YES;
				SWIFT_VERSION = 5.0;
				TARGETED_DEVICE_FAMILY = "1,2";
			};
			name = Debug;
		};
		EDA386992C24556C0016AF87 /* Release */ = {
			isa = XCBuildConfiguration;
			buildSettings = {
				ASSETCATALOG_COMPILER_APPICON_NAME = AppIcon;
				ASSETCATALOG_COMPILER_GLOBAL_ACCENT_COLOR_NAME = AccentColor;
				CODE_SIGN_STYLE = Automatic;
				CURRENT_PROJECT_VERSION = 1;
				DEVELOPMENT_ASSET_PATHS = "\"Moonshot/Preview Content\"";
				ENABLE_PREVIEWS = YES;
				GENERATE_INFOPLIST_FILE = YES;
				INFOPLIST_KEY_UIApplicationSceneManifest_Generation = YES;
				INFOPLIST_KEY_UIApplicationSupportsIndirectInputEvents = YES;
				INFOPLIST_KEY_UILaunchScreen_Generation = YES;
				INFOPLIST_KEY_UISupportedInterfaceOrientations_iPad = "UIInterfaceOrientationPortrait UIInterfaceOrientationPortraitUpsideDown UIInterfaceOrientationLandscapeLeft UIInterfaceOrientationLandscapeRight";
				INFOPLIST_KEY_UISupportedInterfaceOrientations_iPhone = "UIInterfaceOrientationPortrait UIInterfaceOrientationLandscapeLeft UIInterfaceOrientationLandscapeRight";
				LD_RUNPATH_SEARCH_PATHS = (
					"$(inherited)",
					"@executable_path/Frameworks",
				);
				MARKETING_VERSION = 1.0;
				PRODUCT_BUNDLE_IDENTIFIER = com.taarna.Moonshot;
				PRODUCT_NAME = "$(TARGET_NAME)";
				SWIFT_EMIT_LOC_STRINGS = YES;
				SWIFT_VERSION = 5.0;
				TARGETED_DEVICE_FAMILY = "1,2";
			};
			name = Release;
		};
/* End XCBuildConfiguration section */

/* Begin XCConfigurationList section */
		EDA386842C2455680016AF87 /* Build configuration list for PBXProject "Moonshot" */ = {
			isa = XCConfigurationList;
			buildConfigurations = (
				EDA386952C24556C0016AF87 /* Debug */,
				EDA386962C24556C0016AF87 /* Release */,
			);
			defaultConfigurationIsVisible = 0;
			defaultConfigurationName = Release;
		};
		EDA386972C24556C0016AF87 /* Build configuration list for PBXNativeTarget "Moonshot" */ = {
			isa = XCConfigurationList;
			buildConfigurations = (
				EDA386982C24556C0016AF87 /* Debug */,
				EDA386992C24556C0016AF87 /* Release */,
			);
			defaultConfigurationIsVisible = 0;
			defaultConfigurationName = Release;
		};
/* End XCConfigurationList section */
	};
	rootObject = EDA386812C2455680016AF87 /* Project object */;
}
