// !$*UTF8*$!
{
	archiveVersion = 1;
	classes = {
	};
	objectVersion = 56;
	objects = {

/* Begin PBXBuildFile section */
		8D6406032C84595D00914FFB /* SimpleGesturesView.swift in Sources */ = {isa = PBXBuildFile; fileRef = 8D6406022C84595D00914FFB /* SimpleGesturesView.swift */; };
		8D6406052C845C5400914FFB /* AdvancedGesturesView.swift in Sources */ = {isa = PBXBuildFile; fileRef = 8D6406042C845C5400914FFB /* AdvancedGesturesView.swift */; };
		8D6676AD2C89982700E040AE /* Card.swift in Sources */ = {isa = PBXBuildFile; fileRef = 8D6676AC2C89982700E040AE /* Card.swift */; };
		8D6676AF2C8998A900E040AE /* CardView.swift in Sources */ = {isa = PBXBuildFile; fileRef = 8D6676AE2C8998A900E040AE /* CardView.swift */; };
		8D6676B32C8999A500E040AE /* MainView.swift in Sources */ = {isa = PBXBuildFile; fileRef = 8D6676B22C8999A500E040AE /* MainView.swift */; };
		8D84B9742C836BAA001C41E5 /* FlashzillaApp.swift in Sources */ = {isa = PBXBuildFile; fileRef = 8D84B9732C836BAA001C41E5 /* FlashzillaApp.swift */; };
		8D84B9762C836BAA001C41E5 /* ContentView.swift in Sources */ = {isa = PBXBuildFile; fileRef = 8D84B9752C836BAA001C41E5 /* ContentView.swift */; };
		8D84B9782C836BAB001C41E5 /* Assets.xcassets in Resources */ = {isa = PBXBuildFile; fileRef = 8D84B9772C836BAB001C41E5 /* Assets.xcassets */; };
		8D84B97B2C836BAB001C41E5 /* Preview Assets.xcassets in Resources */ = {isa = PBXBuildFile; fileRef = 8D84B97A2C836BAB001C41E5 /* Preview Assets.xcassets */; };
		8D8AFCC92C86EFB600400F39 /* TimerView.swift in Sources */ = {isa = PBXBuildFile; fileRef = 8D8AFCC82C86EFB600400F39 /* TimerView.swift */; };
		8D8AFCCB2C86F14A00400F39 /* SceneView.swift in Sources */ = {isa = PBXBuildFile; fileRef = 8D8AFCCA2C86F14A00400F39 /* SceneView.swift */; };
		8D8AFCCD2C86F33F00400F39 /* AccessibilityView.swift in Sources */ = {isa = PBXBuildFile; fileRef = 8D8AFCCC2C86F33F00400F39 /* AccessibilityView.swift */; };
/* End PBXBuildFile section */

/* Begin PBXFileReference section */
		8D6406022C84595D00914FFB /* SimpleGesturesView.swift */ = {isa = PBXFileReference; lastKnownFileType = sourcecode.swift; path = SimpleGesturesView.swift; sourceTree = "<group>"; };
		8D6406042C845C5400914FFB /* AdvancedGesturesView.swift */ = {isa = PBXFileReference; lastKnownFileType = sourcecode.swift; path = AdvancedGesturesView.swift; sourceTree = "<group>"; };
		8D6676AC2C89982700E040AE /* Card.swift */ = {isa = PBXFileReference; lastKnownFileType = sourcecode.swift; path = Card.swift; sourceTree = "<group>"; };
		8D6676AE2C8998A900E040AE /* CardView.swift */ = {isa = PBXFileReference; lastKnownFileType = sourcecode.swift; path = CardView.swift; sourceTree = "<group>"; };
		8D6676B22C8999A500E040AE /* MainView.swift */ = {isa = PBXFileReference; lastKnownFileType = sourcecode.swift; path = MainView.swift; sourceTree = "<group>"; };
		8D84B9702C836BAA001C41E5 /* Flashzilla.app */ = {isa = PBXFileReference; explicitFileType = wrapper.application; includeInIndex = 0; path = Flashzilla.app; sourceTree = BUILT_PRODUCTS_DIR; };
		8D84B9732C836BAA001C41E5 /* FlashzillaApp.swift */ = {isa = PBXFileReference; lastKnownFileType = sourcecode.swift; path = FlashzillaApp.swift; sourceTree = "<group>"; };
		8D84B9752C836BAA001C41E5 /* ContentView.swift */ = {isa = PBXFileReference; lastKnownFileType = sourcecode.swift; path = ContentView.swift; sourceTree = "<group>"; };
		8D84B9772C836BAB001C41E5 /* Assets.xcassets */ = {isa = PBXFileReference; lastKnownFileType = folder.assetcatalog; path = Assets.xcassets; sourceTree = "<group>"; };
		8D84B97A2C836BAB001C41E5 /* Preview Assets.xcassets */ = {isa = PBXFileReference; lastKnownFileType = folder.assetcatalog; path = "Preview Assets.xcassets"; sourceTree = "<group>"; };
		8D8AFCC82C86EFB600400F39 /* TimerView.swift */ = {isa = PBXFileReference; lastKnownFileType = sourcecode.swift; path = TimerView.swift; sourceTree = "<group>"; };
		8D8AFCCA2C86F14A00400F39 /* SceneView.swift */ = {isa = PBXFileReference; lastKnownFileType = sourcecode.swift; path = SceneView.swift; sourceTree = "<group>"; };
		8D8AFCCC2C86F33F00400F39 /* AccessibilityView.swift */ = {isa = PBXFileReference; lastKnownFileType = sourcecode.swift; path = AccessibilityView.swift; sourceTree = "<group>"; };
/* End PBXFileReference section */

/* Begin PBXFrameworksBuildPhase section */
		8D84B96D2C836BAA001C41E5 /* Frameworks */ = {
			isa = PBXFrameworksBuildPhase;
			buildActionMask = 2147483647;
			files = (
			);
			runOnlyForDeploymentPostprocessing = 0;
		};
/* End PBXFrameworksBuildPhase section */

/* Begin PBXGroup section */
		8D6676AB2C89981E00E040AE /* Model */ = {
			isa = PBXGroup;
			children = (
				8D6676AC2C89982700E040AE /* Card.swift */,
			);
			path = Model;
			sourceTree = "<group>";
		};
		8D6676B02C8998BB00E040AE /* Preparation */ = {
			isa = PBXGroup;
			children = (
				8D84B9752C836BAA001C41E5 /* ContentView.swift */,
				8D6406022C84595D00914FFB /* SimpleGesturesView.swift */,
				8D6406042C845C5400914FFB /* AdvancedGesturesView.swift */,
				8D8AFCC82C86EFB600400F39 /* TimerView.swift */,
				8D8AFCCA2C86F14A00400F39 /* SceneView.swift */,
				8D8AFCCC2C86F33F00400F39 /* AccessibilityView.swift */,
			);
			path = Preparation;
			sourceTree = "<group>";
		};
		8D84B9672C836BAA001C41E5 = {
			isa = PBXGroup;
			children = (
				8D84B9722C836BAA001C41E5 /* Flashzilla */,
				8D84B9712C836BAA001C41E5 /* Products */,
			);
			sourceTree = "<group>";
		};
		8D84B9712C836BAA001C41E5 /* Products */ = {
			isa = PBXGroup;
			children = (
				8D84B9702C836BAA001C41E5 /* Flashzilla.app */,
			);
			name = Products;
			sourceTree = "<group>";
		};
		8D84B9722C836BAA001C41E5 /* Flashzilla */ = {
			isa = PBXGroup;
			children = (
				8D6676AB2C89981E00E040AE /* Model */,
				8D84B9732C836BAA001C41E5 /* FlashzillaApp.swift */,
				8D6676B22C8999A500E040AE /* MainView.swift */,
				8D6676AE2C8998A900E040AE /* CardView.swift */,
				8D6676B02C8998BB00E040AE /* Preparation */,
				8D84B9772C836BAB001C41E5 /* Assets.xcassets */,
				8D84B9792C836BAB001C41E5 /* Preview Content */,
			);
			path = Flashzilla;
			sourceTree = "<group>";
		};
		8D84B9792C836BAB001C41E5 /* Preview Content */ = {
			isa = PBXGroup;
			children = (
				8D84B97A2C836BAB001C41E5 /* Preview Assets.xcassets */,
			);
			path = "Preview Content";
			sourceTree = "<group>";
		};
/* End PBXGroup section */

/* Begin PBXNativeTarget section */
		8D84B96F2C836BAA001C41E5 /* Flashzilla */ = {
			isa = PBXNativeTarget;
			buildConfigurationList = 8D84B97E2C836BAB001C41E5 /* Build configuration list for PBXNativeTarget "Flashzilla" */;
			buildPhases = (
				8D84B96C2C836BAA001C41E5 /* Sources */,
				8D84B96D2C836BAA001C41E5 /* Frameworks */,
				8D84B96E2C836BAA001C41E5 /* Resources */,
			);
			buildRules = (
			);
			dependencies = (
			);
			name = Flashzilla;
			productName = Flashzilla;
			productReference = 8D84B9702C836BAA001C41E5 /* Flashzilla.app */;
			productType = "com.apple.product-type.application";
		};
/* End PBXNativeTarget section */

/* Begin PBXProject section */
		8D84B9682C836BAA001C41E5 /* Project object */ = {
			isa = PBXProject;
			attributes = {
				BuildIndependentTargetsInParallel = 1;
				LastSwiftUpdateCheck = 1540;
				LastUpgradeCheck = 1540;
				TargetAttributes = {
					8D84B96F2C836BAA001C41E5 = {
						CreatedOnToolsVersion = 15.4;
					};
				};
			};
			buildConfigurationList = 8D84B96B2C836BAA001C41E5 /* Build configuration list for PBXProject "Flashzilla" */;
			compatibilityVersion = "Xcode 14.0";
			developmentRegion = en;
			hasScannedForEncodings = 0;
			knownRegions = (
				en,
				Base,
			);
			mainGroup = 8D84B9672C836BAA001C41E5;
			productRefGroup = 8D84B9712C836BAA001C41E5 /* Products */;
			projectDirPath = "";
			projectRoot = "";
			targets = (
				8D84B96F2C836BAA001C41E5 /* Flashzilla */,
			);
		};
/* End PBXProject section */

/* Begin PBXResourcesBuildPhase section */
		8D84B96E2C836BAA001C41E5 /* Resources */ = {
			isa = PBXResourcesBuildPhase;
			buildActionMask = 2147483647;
			files = (
				8D84B97B2C836BAB001C41E5 /* Preview Assets.xcassets in Resources */,
				8D84B9782C836BAB001C41E5 /* Assets.xcassets in Resources */,
			);
			runOnlyForDeploymentPostprocessing = 0;
		};
/* End PBXResourcesBuildPhase section */

/* Begin PBXSourcesBuildPhase section */
		8D84B96C2C836BAA001C41E5 /* Sources */ = {
			isa = PBXSourcesBuildPhase;
			buildActionMask = 2147483647;
			files = (
				8D8AFCC92C86EFB600400F39 /* TimerView.swift in Sources */,
				8D6676AF2C8998A900E040AE /* CardView.swift in Sources */,
				8D8AFCCD2C86F33F00400F39 /* AccessibilityView.swift in Sources */,
				8D6676B32C8999A500E040AE /* MainView.swift in Sources */,
				8D6406052C845C5400914FFB /* AdvancedGesturesView.swift in Sources */,
				8D84B9762C836BAA001C41E5 /* ContentView.swift in Sources */,
				8D84B9742C836BAA001C41E5 /* FlashzillaApp.swift in Sources */,
				8D6406032C84595D00914FFB /* SimpleGesturesView.swift in Sources */,
				8D8AFCCB2C86F14A00400F39 /* SceneView.swift in Sources */,
				8D6676AD2C89982700E040AE /* Card.swift in Sources */,
			);
			runOnlyForDeploymentPostprocessing = 0;
		};
/* End PBXSourcesBuildPhase section */

/* Begin XCBuildConfiguration section */
		8D84B97C2C836BAB001C41E5 /* Debug */ = {
			isa = XCBuildConfiguration;
			buildSettings = {
				ALWAYS_SEARCH_USER_PATHS = NO;
				ASSETCATALOG_COMPILER_GENERATE_SWIFT_ASSET_SYMBOL_EXTENSIONS = YES;
				CLANG_ANALYZER_NONNULL = YES;
				CLANG_ANALYZER_NUMBER_OBJECT_CONVERSION = YES_AGGRESSIVE;
				CLANG_CXX_LANGUAGE_STANDARD = "gnu++20";
				CLANG_ENABLE_MODULES = YES;
				CLANG_ENABLE_OBJC_ARC = YES;
				CLANG_ENABLE_OBJC_WEAK = YES;
				CLANG_WARN_BLOCK_CAPTURE_AUTORELEASING = YES;
				CLANG_WARN_BOOL_CONVERSION = YES;
				CLANG_WARN_COMMA = YES;
				CLANG_WARN_CONSTANT_CONVERSION = YES;
				CLANG_WARN_DEPRECATED_OBJC_IMPLEMENTATIONS = YES;
				CLANG_WARN_DIRECT_OBJC_ISA_USAGE = YES_ERROR;
				CLANG_WARN_DOCUMENTATION_COMMENTS = YES;
				CLANG_WARN_EMPTY_BODY = YES;
				CLANG_WARN_ENUM_CONVERSION = YES;
				CLANG_WARN_INFINITE_RECURSION = YES;
				CLANG_WARN_INT_CONVERSION = YES;
				CLANG_WARN_NON_LITERAL_NULL_CONVERSION = YES;
				CLANG_WARN_OBJC_IMPLICIT_RETAIN_SELF = YES;
				CLANG_WARN_OBJC_LITERAL_CONVERSION = YES;
				CLANG_WARN_OBJC_ROOT_CLASS = YES_ERROR;
				CLANG_WARN_QUOTED_INCLUDE_IN_FRAMEWORK_HEADER = YES;
				CLANG_WARN_RANGE_LOOP_ANALYSIS = YES;
				CLANG_WARN_STRICT_PROTOTYPES = YES;
				CLANG_WARN_SUSPICIOUS_MOVE = YES;
				CLANG_WARN_UNGUARDED_AVAILABILITY = YES_AGGRESSIVE;
				CLANG_WARN_UNREACHABLE_CODE = YES;
				CLANG_WARN__DUPLICATE_METHOD_MATCH = YES;
				COPY_PHASE_STRIP = NO;
				DEBUG_INFORMATION_FORMAT = dwarf;
				ENABLE_STRICT_OBJC_MSGSEND = YES;
				ENABLE_TESTABILITY = YES;
				ENABLE_USER_SCRIPT_SANDBOXING = YES;
				GCC_C_LANGUAGE_STANDARD = gnu17;
				GCC_DYNAMIC_NO_PIC = NO;
				GCC_NO_COMMON_BLOCKS = YES;
				GCC_OPTIMIZATION_LEVEL = 0;
				GCC_PREPROCESSOR_DEFINITIONS = (
					"DEBUG=1",
					"$(inherited)",
				);
				GCC_WARN_64_TO_32_BIT_CONVERSION = YES;
				GCC_WARN_ABOUT_RETURN_TYPE = YES_ERROR;
				GCC_WARN_UNDECLARED_SELECTOR = YES;
				GCC_WARN_UNINITIALIZED_AUTOS = YES_AGGRESSIVE;
				GCC_WARN_UNUSED_FUNCTION = YES;
				GCC_WARN_UNUSED_VARIABLE = YES;
				IPHONEOS_DEPLOYMENT_TARGET = 17.5;
				LOCALIZATION_PREFERS_STRING_CATALOGS = YES;
				MTL_ENABLE_DEBUG_INFO = INCLUDE_SOURCE;
				MTL_FAST_MATH = YES;
				ONLY_ACTIVE_ARCH = YES;
				SDKROOT = iphoneos;
				SWIFT_ACTIVE_COMPILATION_CONDITIONS = "DEBUG $(inherited)";
				SWIFT_OPTIMIZATION_LEVEL = "-Onone";
			};
			name = Debug;
		};
		8D84B97D2C836BAB001C41E5 /* Release */ = {
			isa = XCBuildConfiguration;
			buildSettings = {
				ALWAYS_SEARCH_USER_PATHS = NO;
				ASSETCATALOG_COMPILER_GENERATE_SWIFT_ASSET_SYMBOL_EXTENSIONS = YES;
				CLANG_ANALYZER_NONNULL = YES;
				CLANG_ANALYZER_NUMBER_OBJECT_CONVERSION = YES_AGGRESSIVE;
				CLANG_CXX_LANGUAGE_STANDARD = "gnu++20";
				CLANG_ENABLE_MODULES = YES;
				CLANG_ENABLE_OBJC_ARC = YES;
				CLANG_ENABLE_OBJC_WEAK = YES;
				CLANG_WARN_BLOCK_CAPTURE_AUTORELEASING = YES;
				CLANG_WARN_BOOL_CONVERSION = YES;
				CLANG_WARN_COMMA = YES;
				CLANG_WARN_CONSTANT_CONVERSION = YES;
				CLANG_WARN_DEPRECATED_OBJC_IMPLEMENTATIONS = YES;
				CLANG_WARN_DIRECT_OBJC_ISA_USAGE = YES_ERROR;
				CLANG_WARN_DOCUMENTATION_COMMENTS = YES;
				CLANG_WARN_EMPTY_BODY = YES;
				CLANG_WARN_ENUM_CONVERSION = YES;
				CLANG_WARN_INFINITE_RECURSION = YES;
				CLANG_WARN_INT_CONVERSION = YES;
				CLANG_WARN_NON_LITERAL_NULL_CONVERSION = YES;
				CLANG_WARN_OBJC_IMPLICIT_RETAIN_SELF = YES;
				CLANG_WARN_OBJC_LITERAL_CONVERSION = YES;
				CLANG_WARN_OBJC_ROOT_CLASS = YES_ERROR;
				CLANG_WARN_QUOTED_INCLUDE_IN_FRAMEWORK_HEADER = YES;
				CLANG_WARN_RANGE_LOOP_ANALYSIS = YES;
				CLANG_WARN_STRICT_PROTOTYPES = YES;
				CLANG_WARN_SUSPICIOUS_MOVE = YES;
				CLANG_WARN_UNGUARDED_AVAILABILITY = YES_AGGRESSIVE;
				CLANG_WARN_UNREACHABLE_CODE = YES;
				CLANG_WARN__DUPLICATE_METHOD_MATCH = YES;
				COPY_PHASE_STRIP = NO;
				DEBUG_INFORMATION_FORMAT = "dwarf-with-dsym";
				ENABLE_NS_ASSERTIONS = NO;
				ENABLE_STRICT_OBJC_MSGSEND = YES;
				ENABLE_USER_SCRIPT_SANDBOXING = YES;
				GCC_C_LANGUAGE_STANDARD = gnu17;
				GCC_NO_COMMON_BLOCKS = YES;
				GCC_WARN_64_TO_32_BIT_CONVERSION = YES;
				GCC_WARN_ABOUT_RETURN_TYPE = YES_ERROR;
				GCC_WARN_UNDECLARED_SELECTOR = YES;
				GCC_WARN_UNINITIALIZED_AUTOS = YES_AGGRESSIVE;
				GCC_WARN_UNUSED_FUNCTION = YES;
				GCC_WARN_UNUSED_VARIABLE = YES;
				IPHONEOS_DEPLOYMENT_TARGET = 17.5;
				LOCALIZATION_PREFERS_STRING_CATALOGS = YES;
				MTL_ENABLE_DEBUG_INFO = NO;
				MTL_FAST_MATH = YES;
				SDKROOT = iphoneos;
				SWIFT_COMPILATION_MODE = wholemodule;
				VALIDATE_PRODUCT = YES;
			};
			name = Release;
		};
		8D84B97F2C836BAB001C41E5 /* Debug */ = {
			isa = XCBuildConfiguration;
			buildSettings = {
				ASSETCATALOG_COMPILER_APPICON_NAME = AppIcon;
				ASSETCATALOG_COMPILER_GLOBAL_ACCENT_COLOR_NAME = AccentColor;
				CODE_SIGN_STYLE = Automatic;
				CURRENT_PROJECT_VERSION = 1;
				DEVELOPMENT_ASSET_PATHS = "\"Flashzilla/Preview Content\"";
				DEVELOPMENT_TEAM = 4NWPMFBC59;
				ENABLE_PREVIEWS = YES;
				GENERATE_INFOPLIST_FILE = YES;
				INFOPLIST_KEY_UIApplicationSceneManifest_Generation = YES;
				INFOPLIST_KEY_UIApplicationSupportsIndirectInputEvents = YES;
				INFOPLIST_KEY_UILaunchScreen_Generation = YES;
				INFOPLIST_KEY_UISupportedInterfaceOrientations_iPad = "UIInterfaceOrientationPortrait UIInterfaceOrientationPortraitUpsideDown UIInterfaceOrientationLandscapeLeft UIInterfaceOrientationLandscapeRight";
				INFOPLIST_KEY_UISupportedInterfaceOrientations_iPhone = "UIInterfaceOrientationLandscapeLeft UIInterfaceOrientationLandscapeRight";
				IPHONEOS_DEPLOYMENT_TARGET = 17.0;
				LD_RUNPATH_SEARCH_PATHS = (
					"$(inherited)",
					"@executable_path/Frameworks",
				);
				MARKETING_VERSION = 1.0;
				PRODUCT_BUNDLE_IDENTIFIER = com.taarna.flashzilla;
				PRODUCT_NAME = "$(TARGET_NAME)";
				SWIFT_EMIT_LOC_STRINGS = YES;
				SWIFT_VERSION = 5.0;
				TARGETED_DEVICE_FAMILY = "1,2";
			};
			name = Debug;
		};
		8D84B9802C836BAB001C41E5 /* Release */ = {
			isa = XCBuildConfiguration;
			buildSettings = {
				ASSETCATALOG_COMPILER_APPICON_NAME = AppIcon;
				ASSETCATALOG_COMPILER_GLOBAL_ACCENT_COLOR_NAME = AccentColor;
				CODE_SIGN_STYLE = Automatic;
				CURRENT_PROJECT_VERSION = 1;
				DEVELOPMENT_ASSET_PATHS = "\"Flashzilla/Preview Content\"";
				DEVELOPMENT_TEAM = 4NWPMFBC59;
				ENABLE_PREVIEWS = YES;
				GENERATE_INFOPLIST_FILE = YES;
				INFOPLIST_KEY_UIApplicationSceneManifest_Generation = YES;
				INFOPLIST_KEY_UIApplicationSupportsIndirectInputEvents = YES;
				INFOPLIST_KEY_UILaunchScreen_Generation = YES;
				INFOPLIST_KEY_UISupportedInterfaceOrientations_iPad = "UIInterfaceOrientationPortrait UIInterfaceOrientationPortraitUpsideDown UIInterfaceOrientationLandscapeLeft UIInterfaceOrientationLandscapeRight";
				INFOPLIST_KEY_UISupportedInterfaceOrientations_iPhone = "UIInterfaceOrientationLandscapeLeft UIInterfaceOrientationLandscapeRight";
				IPHONEOS_DEPLOYMENT_TARGET = 17.0;
				LD_RUNPATH_SEARCH_PATHS = (
					"$(inherited)",
					"@executable_path/Frameworks",
				);
				MARKETING_VERSION = 1.0;
				PRODUCT_BUNDLE_IDENTIFIER = com.taarna.flashzilla;
				PRODUCT_NAME = "$(TARGET_NAME)";
				SWIFT_EMIT_LOC_STRINGS = YES;
				SWIFT_VERSION = 5.0;
				TARGETED_DEVICE_FAMILY = "1,2";
			};
			name = Release;
		};
/* End XCBuildConfiguration section */

/* Begin XCConfigurationList section */
		8D84B96B2C836BAA001C41E5 /* Build configuration list for PBXProject "Flashzilla" */ = {
			isa = XCConfigurationList;
			buildConfigurations = (
				8D84B97C2C836BAB001C41E5 /* Debug */,
				8D84B97D2C836BAB001C41E5 /* Release */,
			);
			defaultConfigurationIsVisible = 0;
			defaultConfigurationName = Release;
		};
		8D84B97E2C836BAB001C41E5 /* Build configuration list for PBXNativeTarget "Flashzilla" */ = {
			isa = XCConfigurationList;
			buildConfigurations = (
				8D84B97F2C836BAB001C41E5 /* Debug */,
				8D84B9802C836BAB001C41E5 /* Release */,
			);
			defaultConfigurationIsVisible = 0;
			defaultConfigurationName = Release;
		};
/* End XCConfigurationList section */
	};
	rootObject = 8D84B9682C836BAA001C41E5 /* Project object */;
}
